
Microsoft Visual Studio Solution File, Format Version 12.00
# Visual Studio Version 17
VisualStudioVersion = 17.7.34031.279
MinimumVisualStudioVersion = 10.0.40219.1
Project("{FAE04EC0-301F-11D3-BF4B-00C04F79EFBC}") = "baitapLab3", "baitapLab3\baitapLab3.csproj", "{F260EEFE-6B30-4A46-A36E-E464A4D702AD}"
EndProject
Global
	GlobalSection(SolutionConfigurationPlatforms) = preSolution
		Debug|Any CPU = Debug|Any CPU
		Release|Any CPU = Release|Any CPU
	EndGlobalSection
	GlobalSection(ProjectConfigurationPlatforms) = postSolution
		{F260EEFE-6B30-4A46-A36E-E464A4D702AD}.Debug|Any CPU.ActiveCfg = Debug|Any CPU
		{F260EEFE-6B30-4A46-A36E-E464A4D702AD}.Debug|Any CPU.Build.0 = Debug|Any CPU
		{F260EEFE-6B30-4A46-A36E-E464A4D702AD}.Release|Any CPU.ActiveCfg = Release|Any CPU
		{F260EEFE-6B30-4A46-A36E-E464A4D702AD}.Release|Any CPU.Build.0 = Release|Any CPU
	EndGlobalSection
	GlobalSection(SolutionProperties) = preSolution
		HideSolutionNode = FALSE
	EndGlobalSection
	GlobalSection(ExtensibilityGlobals) = postSolution
		SolutionGuid = {78978A9E-9F67-4FAD-99F1-2A5897C65830}
	EndGlobalSection
EndGlobal
